
Microsoft Visual Studio Solution File, Format Version 12.00
# Visual Studio Version 17
VisualStudioVersion = 17.10.34916.146
MinimumVisualStudioVersion = 10.0.40219.1
Project("{FAE04EC0-301F-11D3-BF4B-00C04F79EFBC}") = "MyBookDatabase", "MyBookDatabase\MyBookDatabase.csproj", "{A614820E-E58C-42B7-9B10-2E49A1657377}"
EndProject
Global
	GlobalSection(SolutionConfigurationPlatforms) = preSolution
		Debug|Any CPU = Debug|Any CPU
		Release|Any CPU = Release|Any CPU
	EndGlobalSection
	GlobalSection(ProjectConfigurationPlatforms) = postSolution
		{A614820E-E58C-42B7-9B10-2E49A1657377}.Debug|Any CPU.ActiveCfg = Debug|Any CPU
		{A614820E-E58C-42B7-9B10-2E49A1657377}.Debug|Any CPU.Build.0 = Debug|Any CPU
		{A614820E-E58C-42B7-9B10-2E49A1657377}.Release|Any CPU.ActiveCfg = Release|Any CPU
		{A614820E-E58C-42B7-9B10-2E49A1657377}.Release|Any CPU.Build.0 = Release|Any CPU
	EndGlobalSection
	GlobalSection(SolutionProperties) = preSolution
		HideSolutionNode = FALSE
	EndGlobalSection
	GlobalSection(ExtensibilityGlobals) = postSolution
		SolutionGuid = {0449F072-1647-412C-8D3F-7A77217A48B8}
	EndGlobalSection
EndGlobal
